// !$*UTF8*$!
{
	archiveVersion = 1;
	classes = {
	};
	objectVersion = 50;
	objects = {

/* Begin PBXBuildFile section */
		3A387F2010650AC2AC5BABD1 /* Pods_iosChallenge.framework in Frameworks */ = {isa = PBXBuildFile; fileRef = 6BC6A8189B5644E86B626AAD /* Pods_iosChallenge.framework */; };
		5F4140CD211990D300215477 /* TodoStoryboard.storyboard in Resources */ = {isa = PBXBuildFile; fileRef = 5F4140CC211990D300215477 /* TodoStoryboard.storyboard */; };
		5F4140CF211990E700215477 /* AlbunsStoryboard.storyboard in Resources */ = {isa = PBXBuildFile; fileRef = 5F4140CE211990E700215477 /* AlbunsStoryboard.storyboard */; };
		5F4140D1211990F600215477 /* PostStoryboard.storyboard in Resources */ = {isa = PBXBuildFile; fileRef = 5F4140D0211990F600215477 /* PostStoryboard.storyboard */; };
		9A2E43EE2118F46000C2C315 /* Post.swift in Sources */ = {isa = PBXBuildFile; fileRef = 9A2E43ED2118F46000C2C315 /* Post.swift */; };
		9A2E43F02118F66800C2C315 /* PostView.swift in Sources */ = {isa = PBXBuildFile; fileRef = 9A2E43EF2118F66800C2C315 /* PostView.swift */; };
		9A2E43F22118F6C600C2C315 /* PostTableViewCell.swift in Sources */ = {isa = PBXBuildFile; fileRef = 9A2E43F12118F6C600C2C315 /* PostTableViewCell.swift */; };
		9A2E43F42118F74200C2C315 /* PostViewController.swift in Sources */ = {isa = PBXBuildFile; fileRef = 9A2E43F32118F74200C2C315 /* PostViewController.swift */; };
		9A2E43F82118FDB800C2C315 /* Comment.swift in Sources */ = {isa = PBXBuildFile; fileRef = 9A2E43F72118FDB800C2C315 /* Comment.swift */; };
		9A2E43FA2118FDD800C2C315 /* CommentViewController.swift in Sources */ = {isa = PBXBuildFile; fileRef = 9A2E43F92118FDD800C2C315 /* CommentViewController.swift */; };
		9A2E43FC2118FDE900C2C315 /* CommentView.swift in Sources */ = {isa = PBXBuildFile; fileRef = 9A2E43FB2118FDE900C2C315 /* CommentView.swift */; };
		9A2E43FE2118FE1700C2C315 /* CommentsHeaderTableView.swift in Sources */ = {isa = PBXBuildFile; fileRef = 9A2E43FD2118FE1700C2C315 /* CommentsHeaderTableView.swift */; };
		9A2E44002118FF0700C2C315 /* CommentTableViewCell.swift in Sources */ = {isa = PBXBuildFile; fileRef = 9A2E43FF2118FF0700C2C315 /* CommentTableViewCell.swift */; };
		9A2E440A21191AA600C2C315 /* Todo.swift in Sources */ = {isa = PBXBuildFile; fileRef = 9A2E440921191AA600C2C315 /* Todo.swift */; };
		9A2E440C21191B5700C2C315 /* TodoViewController.swift in Sources */ = {isa = PBXBuildFile; fileRef = 9A2E440B21191B5700C2C315 /* TodoViewController.swift */; };
		9A2E440E21191B7400C2C315 /* TodoView.swift in Sources */ = {isa = PBXBuildFile; fileRef = 9A2E440D21191B7400C2C315 /* TodoView.swift */; };
		9A2E441021191CD200C2C315 /* TodoTableViewCell.swift in Sources */ = {isa = PBXBuildFile; fileRef = 9A2E440F21191CD200C2C315 /* TodoTableViewCell.swift */; };
		9A5A5FF4212B575700E74F28 /* Connection.swift in Sources */ = {isa = PBXBuildFile; fileRef = 9A5A5FF3212B575700E74F28 /* Connection.swift */; };
		9A5A5FF6212B659D00E74F28 /* NetworkManager.swift in Sources */ = {isa = PBXBuildFile; fileRef = 9A5A5FF5212B659D00E74F28 /* NetworkManager.swift */; };
		9A745D052116FD5500ACC92E /* AppDelegate.swift in Sources */ = {isa = PBXBuildFile; fileRef = 9A745D042116FD5500ACC92E /* AppDelegate.swift */; };
		9A745D0C2116FD5700ACC92E /* Assets.xcassets in Resources */ = {isa = PBXBuildFile; fileRef = 9A745D0B2116FD5700ACC92E /* Assets.xcassets */; };
		9A745D0F2116FD5700ACC92E /* LaunchScreen.storyboard in Resources */ = {isa = PBXBuildFile; fileRef = 9A745D0D2116FD5700ACC92E /* LaunchScreen.storyboard */; };
		9A745D1E211704C400ACC92E /* EndPoints.swift in Sources */ = {isa = PBXBuildFile; fileRef = 9A745D1D211704C400ACC92E /* EndPoints.swift */; };
		9A745D222117063F00ACC92E /* StringExtension.swift in Sources */ = {isa = PBXBuildFile; fileRef = 9A745D212117063F00ACC92E /* StringExtension.swift */; };
		9A745D2B211763C600ACC92E /* User.swift in Sources */ = {isa = PBXBuildFile; fileRef = 9A745D2A211763C600ACC92E /* User.swift */; };
		9A745D2E2117717400ACC92E /* UserStoryboard.storyboard in Resources */ = {isa = PBXBuildFile; fileRef = 9A745D2D2117717400ACC92E /* UserStoryboard.storyboard */; };
		9A745D312117734300ACC92E /* UserTableViewCell.swift in Sources */ = {isa = PBXBuildFile; fileRef = 9A745D302117734300ACC92E /* UserTableViewCell.swift */; };
		9A745D342117740900ACC92E /* UsersTableViewController.swift in Sources */ = {isa = PBXBuildFile; fileRef = 9A745D332117740900ACC92E /* UsersTableViewController.swift */; };
		9A745D3A21177D2300ACC92E /* Album.swift in Sources */ = {isa = PBXBuildFile; fileRef = 9A745D3921177D2300ACC92E /* Album.swift */; };
		9A745D3C21177F7100ACC92E /* Photo.swift in Sources */ = {isa = PBXBuildFile; fileRef = 9A745D3B21177F7100ACC92E /* Photo.swift */; };
		9A745D4421178D5B00ACC92E /* AlbumTableViewCell.swift in Sources */ = {isa = PBXBuildFile; fileRef = 9A745D4321178D5B00ACC92E /* AlbumTableViewCell.swift */; };
		9A745D4621178DDB00ACC92E /* AlbumViewController.swift in Sources */ = {isa = PBXBuildFile; fileRef = 9A745D4521178DDB00ACC92E /* AlbumViewController.swift */; };
		9A745D4821178E0400ACC92E /* AlbumView.swift in Sources */ = {isa = PBXBuildFile; fileRef = 9A745D4721178E0400ACC92E /* AlbumView.swift */; };
		9A745D4C2117AFA300ACC92E /* PhotosViewController.swift in Sources */ = {isa = PBXBuildFile; fileRef = 9A745D4B2117AFA300ACC92E /* PhotosViewController.swift */; };
		9A745D4E2117B0F000ACC92E /* PhotoCollectionViewCell.swift in Sources */ = {isa = PBXBuildFile; fileRef = 9A745D4D2117B0F000ACC92E /* PhotoCollectionViewCell.swift */; };
		9A745D502117B45A00ACC92E /* PhotosView.swift in Sources */ = {isa = PBXBuildFile; fileRef = 9A745D4F2117B45A00ACC92E /* PhotosView.swift */; };
/* End PBXBuildFile section */

/* Begin PBXFileReference section */
		31F82229A3792650F4AA5CC9 /* Pods-iosChallenge.debug.xcconfig */ = {isa = PBXFileReference; includeInIndex = 1; lastKnownFileType = text.xcconfig; name = "Pods-iosChallenge.debug.xcconfig"; path = "Pods/Target Support Files/Pods-iosChallenge/Pods-iosChallenge.debug.xcconfig"; sourceTree = "<group>"; };
		35F039982036DF9DCE85E5EF /* Pods-iosChallenge.release.xcconfig */ = {isa = PBXFileReference; includeInIndex = 1; lastKnownFileType = text.xcconfig; name = "Pods-iosChallenge.release.xcconfig"; path = "Pods/Target Support Files/Pods-iosChallenge/Pods-iosChallenge.release.xcconfig"; sourceTree = "<group>"; };
		5F4140CC211990D300215477 /* TodoStoryboard.storyboard */ = {isa = PBXFileReference; lastKnownFileType = file.storyboard; path = TodoStoryboard.storyboard; sourceTree = "<group>"; };
		5F4140CE211990E700215477 /* AlbunsStoryboard.storyboard */ = {isa = PBXFileReference; lastKnownFileType = file.storyboard; path = AlbunsStoryboard.storyboard; sourceTree = "<group>"; };
		5F4140D0211990F600215477 /* PostStoryboard.storyboard */ = {isa = PBXFileReference; lastKnownFileType = file.storyboard; path = PostStoryboard.storyboard; sourceTree = "<group>"; };
		6BC6A8189B5644E86B626AAD /* Pods_iosChallenge.framework */ = {isa = PBXFileReference; explicitFileType = wrapper.framework; includeInIndex = 0; path = Pods_iosChallenge.framework; sourceTree = BUILT_PRODUCTS_DIR; };
		9A2E43ED2118F46000C2C315 /* Post.swift */ = {isa = PBXFileReference; lastKnownFileType = sourcecode.swift; path = Post.swift; sourceTree = "<group>"; };
		9A2E43EF2118F66800C2C315 /* PostView.swift */ = {isa = PBXFileReference; lastKnownFileType = sourcecode.swift; path = PostView.swift; sourceTree = "<group>"; };
		9A2E43F12118F6C600C2C315 /* PostTableViewCell.swift */ = {isa = PBXFileReference; lastKnownFileType = sourcecode.swift; path = PostTableViewCell.swift; sourceTree = "<group>"; };
		9A2E43F32118F74200C2C315 /* PostViewController.swift */ = {isa = PBXFileReference; lastKnownFileType = sourcecode.swift; path = PostViewController.swift; sourceTree = "<group>"; };
		9A2E43F72118FDB800C2C315 /* Comment.swift */ = {isa = PBXFileReference; fileEncoding = 4; lastKnownFileType = sourcecode.swift; path = Comment.swift; sourceTree = "<group>"; };
		9A2E43F92118FDD800C2C315 /* CommentViewController.swift */ = {isa = PBXFileReference; lastKnownFileType = sourcecode.swift; path = CommentViewController.swift; sourceTree = "<group>"; };
		9A2E43FB2118FDE900C2C315 /* CommentView.swift */ = {isa = PBXFileReference; lastKnownFileType = sourcecode.swift; path = CommentView.swift; sourceTree = "<group>"; };
		9A2E43FD2118FE1700C2C315 /* CommentsHeaderTableView.swift */ = {isa = PBXFileReference; lastKnownFileType = sourcecode.swift; path = CommentsHeaderTableView.swift; sourceTree = "<group>"; };
		9A2E43FF2118FF0700C2C315 /* CommentTableViewCell.swift */ = {isa = PBXFileReference; lastKnownFileType = sourcecode.swift; path = CommentTableViewCell.swift; sourceTree = "<group>"; };
		9A2E440921191AA600C2C315 /* Todo.swift */ = {isa = PBXFileReference; fileEncoding = 4; lastKnownFileType = sourcecode.swift; path = Todo.swift; sourceTree = "<group>"; };
		9A2E440B21191B5700C2C315 /* TodoViewController.swift */ = {isa = PBXFileReference; lastKnownFileType = sourcecode.swift; path = TodoViewController.swift; sourceTree = "<group>"; };
		9A2E440D21191B7400C2C315 /* TodoView.swift */ = {isa = PBXFileReference; lastKnownFileType = sourcecode.swift; path = TodoView.swift; sourceTree = "<group>"; };
		9A2E440F21191CD200C2C315 /* TodoTableViewCell.swift */ = {isa = PBXFileReference; lastKnownFileType = sourcecode.swift; path = TodoTableViewCell.swift; sourceTree = "<group>"; };
		9A5A5FF3212B575700E74F28 /* Connection.swift */ = {isa = PBXFileReference; lastKnownFileType = sourcecode.swift; path = Connection.swift; sourceTree = "<group>"; };
		9A5A5FF5212B659D00E74F28 /* NetworkManager.swift */ = {isa = PBXFileReference; lastKnownFileType = sourcecode.swift; path = NetworkManager.swift; sourceTree = "<group>"; };
		9A745D012116FD5500ACC92E /* iosChallenge.app */ = {isa = PBXFileReference; explicitFileType = wrapper.application; includeInIndex = 0; path = iosChallenge.app; sourceTree = BUILT_PRODUCTS_DIR; };
		9A745D042116FD5500ACC92E /* AppDelegate.swift */ = {isa = PBXFileReference; lastKnownFileType = sourcecode.swift; path = AppDelegate.swift; sourceTree = "<group>"; };
		9A745D0B2116FD5700ACC92E /* Assets.xcassets */ = {isa = PBXFileReference; lastKnownFileType = folder.assetcatalog; path = Assets.xcassets; sourceTree = "<group>"; };
		9A745D0E2116FD5700ACC92E /* Base */ = {isa = PBXFileReference; lastKnownFileType = file.storyboard; name = Base; path = Base.lproj/LaunchScreen.storyboard; sourceTree = "<group>"; };
		9A745D102116FD5700ACC92E /* Info.plist */ = {isa = PBXFileReference; lastKnownFileType = text.plist.xml; path = Info.plist; sourceTree = "<group>"; };
		9A745D1D211704C400ACC92E /* EndPoints.swift */ = {isa = PBXFileReference; lastKnownFileType = sourcecode.swift; path = EndPoints.swift; sourceTree = "<group>"; };
		9A745D212117063F00ACC92E /* StringExtension.swift */ = {isa = PBXFileReference; lastKnownFileType = sourcecode.swift; path = StringExtension.swift; sourceTree = "<group>"; };
		9A745D2A211763C600ACC92E /* User.swift */ = {isa = PBXFileReference; lastKnownFileType = sourcecode.swift; path = User.swift; sourceTree = "<group>"; };
		9A745D2D2117717400ACC92E /* UserStoryboard.storyboard */ = {isa = PBXFileReference; lastKnownFileType = file.storyboard; path = UserStoryboard.storyboard; sourceTree = "<group>"; };
		9A745D302117734300ACC92E /* UserTableViewCell.swift */ = {isa = PBXFileReference; lastKnownFileType = sourcecode.swift; path = UserTableViewCell.swift; sourceTree = "<group>"; };
		9A745D332117740900ACC92E /* UsersTableViewController.swift */ = {isa = PBXFileReference; lastKnownFileType = sourcecode.swift; path = UsersTableViewController.swift; sourceTree = "<group>"; };
		9A745D3921177D2300ACC92E /* Album.swift */ = {isa = PBXFileReference; lastKnownFileType = sourcecode.swift; path = Album.swift; sourceTree = "<group>"; };
		9A745D3B21177F7100ACC92E /* Photo.swift */ = {isa = PBXFileReference; lastKnownFileType = sourcecode.swift; path = Photo.swift; sourceTree = "<group>"; };
		9A745D4321178D5B00ACC92E /* AlbumTableViewCell.swift */ = {isa = PBXFileReference; lastKnownFileType = sourcecode.swift; path = AlbumTableViewCell.swift; sourceTree = "<group>"; };
		9A745D4521178DDB00ACC92E /* AlbumViewController.swift */ = {isa = PBXFileReference; lastKnownFileType = sourcecode.swift; path = AlbumViewController.swift; sourceTree = "<group>"; };
		9A745D4721178E0400ACC92E /* AlbumView.swift */ = {isa = PBXFileReference; lastKnownFileType = sourcecode.swift; path = AlbumView.swift; sourceTree = "<group>"; };
		9A745D4B2117AFA300ACC92E /* PhotosViewController.swift */ = {isa = PBXFileReference; lastKnownFileType = sourcecode.swift; path = PhotosViewController.swift; sourceTree = "<group>"; };
		9A745D4D2117B0F000ACC92E /* PhotoCollectionViewCell.swift */ = {isa = PBXFileReference; lastKnownFileType = sourcecode.swift; path = PhotoCollectionViewCell.swift; sourceTree = "<group>"; };
		9A745D4F2117B45A00ACC92E /* PhotosView.swift */ = {isa = PBXFileReference; lastKnownFileType = sourcecode.swift; path = PhotosView.swift; sourceTree = "<group>"; };
/* End PBXFileReference section */

/* Begin PBXFrameworksBuildPhase section */
		9A745CFE2116FD5500ACC92E /* Frameworks */ = {
			isa = PBXFrameworksBuildPhase;
			buildActionMask = 2147483647;
			files = (
				3A387F2010650AC2AC5BABD1 /* Pods_iosChallenge.framework in Frameworks */,
			);
			runOnlyForDeploymentPostprocessing = 0;
		};
/* End PBXFrameworksBuildPhase section */

/* Begin PBXGroup section */
		18DF6311F140E832D19CE3E4 /* Frameworks */ = {
			isa = PBXGroup;
			children = (
				6BC6A8189B5644E86B626AAD /* Pods_iosChallenge.framework */,
			);
			name = Frameworks;
			sourceTree = "<group>";
		};
		32E9FD5AE0CDC3C0A7C648FE /* Pods */ = {
			isa = PBXGroup;
			children = (
				31F82229A3792650F4AA5CC9 /* Pods-iosChallenge.debug.xcconfig */,
				35F039982036DF9DCE85E5EF /* Pods-iosChallenge.release.xcconfig */,
			);
			name = Pods;
			sourceTree = "<group>";
		};
		5F4140C9211990A100215477 /* Presenter */ = {
			isa = PBXGroup;
			children = (
				5F4140CC211990D300215477 /* TodoStoryboard.storyboard */,
			);
			path = Presenter;
			sourceTree = "<group>";
		};
		5F4140CA211990AF00215477 /* Presenter */ = {
			isa = PBXGroup;
			children = (
				5F4140CE211990E700215477 /* AlbunsStoryboard.storyboard */,
			);
			path = Presenter;
			sourceTree = "<group>";
		};
		5F4140CB211990B800215477 /* Presenter */ = {
			isa = PBXGroup;
			children = (
				5F4140D0211990F600215477 /* PostStoryboard.storyboard */,
			);
			path = Presenter;
			sourceTree = "<group>";
		};
		9A2E43E92118ED2200C2C315 /* Controller */ = {
			isa = PBXGroup;
			children = (
				9A2E43F32118F74200C2C315 /* PostViewController.swift */,
				9A2E43F92118FDD800C2C315 /* CommentViewController.swift */,
			);
			path = Controller;
			sourceTree = "<group>";
		};
		9A2E43EA2118ED3700C2C315 /* View */ = {
			isa = PBXGroup;
			children = (
				9A2E43FD2118FE1700C2C315 /* CommentsHeaderTableView.swift */,
				9A2E43FF2118FF0700C2C315 /* CommentTableViewCell.swift */,
				9A2E43FB2118FDE900C2C315 /* CommentView.swift */,
				9A2E43F12118F6C600C2C315 /* PostTableViewCell.swift */,
				9A2E43EF2118F66800C2C315 /* PostView.swift */,
			);
			path = View;
			sourceTree = "<group>";
		};
		9A2E43EC2118ED4500C2C315 /* Model */ = {
			isa = PBXGroup;
			children = (
				9A2E43F72118FDB800C2C315 /* Comment.swift */,
				9A2E43ED2118F46000C2C315 /* Post.swift */,
			);
			path = Model;
			sourceTree = "<group>";
		};
		9A2E4403211917FD00C2C315 /* View */ = {
			isa = PBXGroup;
			children = (
				9A2E440D21191B7400C2C315 /* TodoView.swift */,
				9A2E440F21191CD200C2C315 /* TodoTableViewCell.swift */,
			);
			path = View;
			sourceTree = "<group>";
		};
		9A2E44042119180F00C2C315 /* Controller */ = {
			isa = PBXGroup;
			children = (
				9A2E440B21191B5700C2C315 /* TodoViewController.swift */,
			);
			path = Controller;
			sourceTree = "<group>";
		};
		9A2E44052119181800C2C315 /* Model */ = {
			isa = PBXGroup;
			children = (
				9A2E440921191AA600C2C315 /* Todo.swift */,
			);
			path = Model;
			sourceTree = "<group>";
		};
		9A745CF82116FD5500ACC92E = {
			isa = PBXGroup;
			children = (
				9A745D032116FD5500ACC92E /* iosChallenge */,
				9A745D022116FD5500ACC92E /* Products */,
				32E9FD5AE0CDC3C0A7C648FE /* Pods */,
				18DF6311F140E832D19CE3E4 /* Frameworks */,
			);
			sourceTree = "<group>";
		};
		9A745D022116FD5500ACC92E /* Products */ = {
			isa = PBXGroup;
			children = (
				9A745D012116FD5500ACC92E /* iosChallenge.app */,
			);
			name = Products;
			sourceTree = "<group>";
		};
		9A745D032116FD5500ACC92E /* iosChallenge */ = {
			isa = PBXGroup;
			children = (
				9A745D1C2116FEB100ACC92E /* API */,
				9A745D172116FE4D00ACC92E /* Modules */,
				9A745D162116FDD400ACC92E /* Other */,
				9A745D1F2117060F00ACC92E /* Setting */,
			);
			path = iosChallenge;
			sourceTree = "<group>";
		};
		9A745D162116FDD400ACC92E /* Other */ = {
			isa = PBXGroup;
			children = (
				9A745D042116FD5500ACC92E /* AppDelegate.swift */,
				9A745D0B2116FD5700ACC92E /* Assets.xcassets */,
				9A745D0D2116FD5700ACC92E /* LaunchScreen.storyboard */,
				9A745D102116FD5700ACC92E /* Info.plist */,
			);
			name = Other;
			sourceTree = "<group>";
		};
		9A745D172116FE4D00ACC92E /* Modules */ = {
			isa = PBXGroup;
			children = (
				9A745D1B2116FE7F00ACC92E /* Todo */,
				9A745D1A2116FE7500ACC92E /* Albuns */,
				9A745D192116FE6C00ACC92E /* Post */,
				9A745D182116FE5F00ACC92E /* User */,
			);
			path = Modules;
			sourceTree = "<group>";
		};
		9A745D182116FE5F00ACC92E /* User */ = {
			isa = PBXGroup;
			children = (
				9A745D32211773EA00ACC92E /* Controller */,
				9A745D2F2117731900ACC92E /* View */,
				9A745D2C2117713300ACC92E /* Presenter */,
				9A745D29211763B700ACC92E /* Model */,
			);
			path = User;
			sourceTree = "<group>";
		};
		9A745D192116FE6C00ACC92E /* Post */ = {
			isa = PBXGroup;
			children = (
				5F4140CB211990B800215477 /* Presenter */,
				9A2E43EC2118ED4500C2C315 /* Model */,
				9A2E43EA2118ED3700C2C315 /* View */,
				9A2E43E92118ED2200C2C315 /* Controller */,
			);
			path = Post;
			sourceTree = "<group>";
		};
		9A745D1A2116FE7500ACC92E /* Albuns */ = {
			isa = PBXGroup;
			children = (
				5F4140CA211990AF00215477 /* Presenter */,
				9A745D3821177CCE00ACC92E /* Controller */,
				9A745D3621177CB800ACC92E /* View */,
				9A745D3521177CB100ACC92E /* Model */,
			);
			path = Albuns;
			sourceTree = "<group>";
		};
		9A745D1B2116FE7F00ACC92E /* Todo */ = {
			isa = PBXGroup;
			children = (
				5F4140C9211990A100215477 /* Presenter */,
				9A2E44052119181800C2C315 /* Model */,
				9A2E44042119180F00C2C315 /* Controller */,
				9A2E4403211917FD00C2C315 /* View */,
			);
			path = Todo;
			sourceTree = "<group>";
		};
		9A745D1C2116FEB100ACC92E /* API */ = {
			isa = PBXGroup;
			children = (
				9A745D1D211704C400ACC92E /* EndPoints.swift */,
				9A5A5FF3212B575700E74F28 /* Connection.swift */,
				9A5A5FF5212B659D00E74F28 /* NetworkManager.swift */,
			);
			path = API;
			sourceTree = "<group>";
		};
		9A745D1F2117060F00ACC92E /* Setting */ = {
			isa = PBXGroup;
			children = (
				9A745D202117061C00ACC92E /* Extensions */,
			);
			path = Setting;
			sourceTree = "<group>";
		};
		9A745D202117061C00ACC92E /* Extensions */ = {
			isa = PBXGroup;
			children = (
				9A745D212117063F00ACC92E /* StringExtension.swift */,
			);
			path = Extensions;
			sourceTree = "<group>";
		};
		9A745D29211763B700ACC92E /* Model */ = {
			isa = PBXGroup;
			children = (
				9A745D2A211763C600ACC92E /* User.swift */,
			);
			path = Model;
			sourceTree = "<group>";
		};
		9A745D2C2117713300ACC92E /* Presenter */ = {
			isa = PBXGroup;
			children = (
				9A745D2D2117717400ACC92E /* UserStoryboard.storyboard */,
			);
			path = Presenter;
			sourceTree = "<group>";
		};
		9A745D2F2117731900ACC92E /* View */ = {
			isa = PBXGroup;
			children = (
				9A745D302117734300ACC92E /* UserTableViewCell.swift */,
			);
			path = View;
			sourceTree = "<group>";
		};
		9A745D32211773EA00ACC92E /* Controller */ = {
			isa = PBXGroup;
			children = (
				9A745D332117740900ACC92E /* UsersTableViewController.swift */,
			);
			path = Controller;
			sourceTree = "<group>";
		};
		9A745D3521177CB100ACC92E /* Model */ = {
			isa = PBXGroup;
			children = (
				9A745D3921177D2300ACC92E /* Album.swift */,
				9A745D3B21177F7100ACC92E /* Photo.swift */,
			);
			path = Model;
			sourceTree = "<group>";
		};
		9A745D3621177CB800ACC92E /* View */ = {
			isa = PBXGroup;
			children = (
				9A745D4321178D5B00ACC92E /* AlbumTableViewCell.swift */,
				9A745D4721178E0400ACC92E /* AlbumView.swift */,
				9A745D4D2117B0F000ACC92E /* PhotoCollectionViewCell.swift */,
				9A745D4F2117B45A00ACC92E /* PhotosView.swift */,
			);
			path = View;
			sourceTree = "<group>";
		};
		9A745D3821177CCE00ACC92E /* Controller */ = {
			isa = PBXGroup;
			children = (
				9A745D4521178DDB00ACC92E /* AlbumViewController.swift */,
				9A745D4B2117AFA300ACC92E /* PhotosViewController.swift */,
			);
			path = Controller;
			sourceTree = "<group>";
		};
/* End PBXGroup section */

/* Begin PBXNativeTarget section */
		9A745D002116FD5500ACC92E /* iosChallenge */ = {
			isa = PBXNativeTarget;
			buildConfigurationList = 9A745D132116FD5700ACC92E /* Build configuration list for PBXNativeTarget "iosChallenge" */;
			buildPhases = (
				89B88D91C0F1EC2DB9C2D425 /* [CP] Check Pods Manifest.lock */,
				9A745CFD2116FD5500ACC92E /* Sources */,
				9A745CFE2116FD5500ACC92E /* Frameworks */,
				9A745CFF2116FD5500ACC92E /* Resources */,
				3C1C8947847BC57FB77806DA /* [CP] Embed Pods Frameworks */,
			);
			buildRules = (
			);
			dependencies = (
			);
			name = iosChallenge;
			productName = iosChallenge;
			productReference = 9A745D012116FD5500ACC92E /* iosChallenge.app */;
			productType = "com.apple.product-type.application";
		};
/* End PBXNativeTarget section */

/* Begin PBXProject section */
		9A745CF92116FD5500ACC92E /* Project object */ = {
			isa = PBXProject;
			attributes = {
				LastSwiftUpdateCheck = 0940;
				LastUpgradeCheck = 0940;
				ORGANIZATIONNAME = programacaoThiagoGarcia;
				TargetAttributes = {
					9A745D002116FD5500ACC92E = {
						CreatedOnToolsVersion = 9.4.1;
					};
				};
			};
			buildConfigurationList = 9A745CFC2116FD5500ACC92E /* Build configuration list for PBXProject "iosChallenge" */;
			compatibilityVersion = "Xcode 9.3";
			developmentRegion = en;
			hasScannedForEncodings = 0;
			knownRegions = (
				en,
				Base,
			);
			mainGroup = 9A745CF82116FD5500ACC92E;
			productRefGroup = 9A745D022116FD5500ACC92E /* Products */;
			projectDirPath = "";
			projectRoot = "";
			targets = (
				9A745D002116FD5500ACC92E /* iosChallenge */,
			);
		};
/* End PBXProject section */

/* Begin PBXResourcesBuildPhase section */
		9A745CFF2116FD5500ACC92E /* Resources */ = {
			isa = PBXResourcesBuildPhase;
			buildActionMask = 2147483647;
			files = (
				9A745D2E2117717400ACC92E /* UserStoryboard.storyboard in Resources */,
				9A745D0F2116FD5700ACC92E /* LaunchScreen.storyboard in Resources */,
				9A745D0C2116FD5700ACC92E /* Assets.xcassets in Resources */,
				5F4140D1211990F600215477 /* PostStoryboard.storyboard in Resources */,
				5F4140CF211990E700215477 /* AlbunsStoryboard.storyboard in Resources */,
				5F4140CD211990D300215477 /* TodoStoryboard.storyboard in Resources */,
			);
			runOnlyForDeploymentPostprocessing = 0;
		};
/* End PBXResourcesBuildPhase section */

/* Begin PBXShellScriptBuildPhase section */
		3C1C8947847BC57FB77806DA /* [CP] Embed Pods Frameworks */ = {
			isa = PBXShellScriptBuildPhase;
			buildActionMask = 2147483647;
			files = (
			);
			inputPaths = (
				"${SRCROOT}/Pods/Target Support Files/Pods-iosChallenge/Pods-iosChallenge-frameworks.sh",
				"${BUILT_PRODUCTS_DIR}/SDWebImage/SDWebImage.framework",
			);
			name = "[CP] Embed Pods Frameworks";
			outputPaths = (
				"${TARGET_BUILD_DIR}/${FRAMEWORKS_FOLDER_PATH}/SDWebImage.framework",
			);
			runOnlyForDeploymentPostprocessing = 0;
			shellPath = /bin/sh;
			shellScript = "\"${SRCROOT}/Pods/Target Support Files/Pods-iosChallenge/Pods-iosChallenge-frameworks.sh\"\n";
			showEnvVarsInLog = 0;
		};
		89B88D91C0F1EC2DB9C2D425 /* [CP] Check Pods Manifest.lock */ = {
			isa = PBXShellScriptBuildPhase;
			buildActionMask = 2147483647;
			files = (
			);
			inputPaths = (
				"${PODS_PODFILE_DIR_PATH}/Podfile.lock",
				"${PODS_ROOT}/Manifest.lock",
			);
			name = "[CP] Check Pods Manifest.lock";
			outputPaths = (
				"$(DERIVED_FILE_DIR)/Pods-iosChallenge-checkManifestLockResult.txt",
			);
			runOnlyForDeploymentPostprocessing = 0;
			shellPath = /bin/sh;
			shellScript = "diff \"${PODS_PODFILE_DIR_PATH}/Podfile.lock\" \"${PODS_ROOT}/Manifest.lock\" > /dev/null\nif [ $? != 0 ] ; then\n    # print error to STDERR\n    echo \"error: The sandbox is not in sync with the Podfile.lock. Run 'pod install' or update your CocoaPods installation.\" >&2\n    exit 1\nfi\n# This output is used by Xcode 'outputs' to avoid re-running this script phase.\necho \"SUCCESS\" > \"${SCRIPT_OUTPUT_FILE_0}\"\n";
			showEnvVarsInLog = 0;
		};
/* End PBXShellScriptBuildPhase section */

/* Begin PBXSourcesBuildPhase section */
		9A745CFD2116FD5500ACC92E /* Sources */ = {
			isa = PBXSourcesBuildPhase;
			buildActionMask = 2147483647;
			files = (
				9A745D4621178DDB00ACC92E /* AlbumViewController.swift in Sources */,
				9A2E440E21191B7400C2C315 /* TodoView.swift in Sources */,
				9A2E44002118FF0700C2C315 /* CommentTableViewCell.swift in Sources */,
				9A745D342117740900ACC92E /* UsersTableViewController.swift in Sources */,
				9A745D502117B45A00ACC92E /* PhotosView.swift in Sources */,
				9A2E43FC2118FDE900C2C315 /* CommentView.swift in Sources */,
				9A2E43F42118F74200C2C315 /* PostViewController.swift in Sources */,
				9A2E43EE2118F46000C2C315 /* Post.swift in Sources */,
				9A2E43F22118F6C600C2C315 /* PostTableViewCell.swift in Sources */,
				9A745D1E211704C400ACC92E /* EndPoints.swift in Sources */,
				9A2E440C21191B5700C2C315 /* TodoViewController.swift in Sources */,
				9A745D4421178D5B00ACC92E /* AlbumTableViewCell.swift in Sources */,
				9A2E440A21191AA600C2C315 /* Todo.swift in Sources */,
				9A5A5FF4212B575700E74F28 /* Connection.swift in Sources */,
				9A5A5FF6212B659D00E74F28 /* NetworkManager.swift in Sources */,
				9A2E43FE2118FE1700C2C315 /* CommentsHeaderTableView.swift in Sources */,
				9A745D052116FD5500ACC92E /* AppDelegate.swift in Sources */,
				9A2E43FA2118FDD800C2C315 /* CommentViewController.swift in Sources */,
				9A2E441021191CD200C2C315 /* TodoTableViewCell.swift in Sources */,
				9A2E43F82118FDB800C2C315 /* Comment.swift in Sources */,
				9A745D4821178E0400ACC92E /* AlbumView.swift in Sources */,
				9A745D312117734300ACC92E /* UserTableViewCell.swift in Sources */,
				9A745D222117063F00ACC92E /* StringExtension.swift in Sources */,
				9A745D3C21177F7100ACC92E /* Photo.swift in Sources */,
				9A745D4E2117B0F000ACC92E /* PhotoCollectionViewCell.swift in Sources */,
				9A745D4C2117AFA300ACC92E /* PhotosViewController.swift in Sources */,
				9A745D2B211763C600ACC92E /* User.swift in Sources */,
				9A2E43F02118F66800C2C315 /* PostView.swift in Sources */,
				9A745D3A21177D2300ACC92E /* Album.swift in Sources */,
			);
			runOnlyForDeploymentPostprocessing = 0;
		};
/* End PBXSourcesBuildPhase section */

/* Begin PBXVariantGroup section */
		9A745D0D2116FD5700ACC92E /* LaunchScreen.storyboard */ = {
			isa = PBXVariantGroup;
			children = (
				9A745D0E2116FD5700ACC92E /* Base */,
			);
			name = LaunchScreen.storyboard;
			sourceTree = "<group>";
		};
/* End PBXVariantGroup section */

/* Begin XCBuildConfiguration section */
		9A745D112116FD5700ACC92E /* Debug */ = {
			isa = XCBuildConfiguration;
			buildSettings = {
				ALWAYS_SEARCH_USER_PATHS = NO;
				CLANG_ANALYZER_NONNULL = YES;
				CLANG_ANALYZER_NUMBER_OBJECT_CONVERSION = YES_AGGRESSIVE;
				CLANG_CXX_LANGUAGE_STANDARD = "gnu++14";
				CLANG_CXX_LIBRARY = "libc++";
				CLANG_ENABLE_MODULES = YES;
				CLANG_ENABLE_OBJC_ARC = YES;
				CLANG_ENABLE_OBJC_WEAK = YES;
				CLANG_WARN_BLOCK_CAPTURE_AUTORELEASING = YES;
				CLANG_WARN_BOOL_CONVERSION = YES;
				CLANG_WARN_COMMA = YES;
				CLANG_WARN_CONSTANT_CONVERSION = YES;
				CLANG_WARN_DEPRECATED_OBJC_IMPLEMENTATIONS = YES;
				CLANG_WARN_DIRECT_OBJC_ISA_USAGE = YES_ERROR;
				CLANG_WARN_DOCUMENTATION_COMMENTS = YES;
				CLANG_WARN_EMPTY_BODY = YES;
				CLANG_WARN_ENUM_CONVERSION = YES;
				CLANG_WARN_INFINITE_RECURSION = YES;
				CLANG_WARN_INT_CONVERSION = YES;
				CLANG_WARN_NON_LITERAL_NULL_CONVERSION = YES;
				CLANG_WARN_OBJC_IMPLICIT_RETAIN_SELF = YES;
				CLANG_WARN_OBJC_LITERAL_CONVERSION = YES;
				CLANG_WARN_OBJC_ROOT_CLASS = YES_ERROR;
				CLANG_WARN_RANGE_LOOP_ANALYSIS = YES;
				CLANG_WARN_STRICT_PROTOTYPES = YES;
				CLANG_WARN_SUSPICIOUS_MOVE = YES;
				CLANG_WARN_UNGUARDED_AVAILABILITY = YES_AGGRESSIVE;
				CLANG_WARN_UNREACHABLE_CODE = YES;
				CLANG_WARN__DUPLICATE_METHOD_MATCH = YES;
				CODE_SIGN_IDENTITY = "iPhone Developer";
				COPY_PHASE_STRIP = NO;
				DEBUG_INFORMATION_FORMAT = dwarf;
				ENABLE_STRICT_OBJC_MSGSEND = YES;
				ENABLE_TESTABILITY = YES;
				GCC_C_LANGUAGE_STANDARD = gnu11;
				GCC_DYNAMIC_NO_PIC = NO;
				GCC_NO_COMMON_BLOCKS = YES;
				GCC_OPTIMIZATION_LEVEL = 0;
				GCC_PREPROCESSOR_DEFINITIONS = (
					"DEBUG=1",
					"$(inherited)",
				);
				GCC_WARN_64_TO_32_BIT_CONVERSION = YES;
				GCC_WARN_ABOUT_RETURN_TYPE = YES_ERROR;
				GCC_WARN_UNDECLARED_SELECTOR = YES;
				GCC_WARN_UNINITIALIZED_AUTOS = YES_AGGRESSIVE;
				GCC_WARN_UNUSED_FUNCTION = YES;
				GCC_WARN_UNUSED_VARIABLE = YES;
				IPHONEOS_DEPLOYMENT_TARGET = 11.4;
				MTL_ENABLE_DEBUG_INFO = YES;
				ONLY_ACTIVE_ARCH = YES;
				SDKROOT = iphoneos;
				SWIFT_ACTIVE_COMPILATION_CONDITIONS = DEBUG;
				SWIFT_OPTIMIZATION_LEVEL = "-Onone";
			};
			name = Debug;
		};
		9A745D122116FD5700ACC92E /* Release */ = {
			isa = XCBuildConfiguration;
			buildSettings = {
				ALWAYS_SEARCH_USER_PATHS = NO;
				CLANG_ANALYZER_NONNULL = YES;
				CLANG_ANALYZER_NUMBER_OBJECT_CONVERSION = YES_AGGRESSIVE;
				CLANG_CXX_LANGUAGE_STANDARD = "gnu++14";
				CLANG_CXX_LIBRARY = "libc++";
				CLANG_ENABLE_MODULES = YES;
				CLANG_ENABLE_OBJC_ARC = YES;
				CLANG_ENABLE_OBJC_WEAK = YES;
				CLANG_WARN_BLOCK_CAPTURE_AUTORELEASING = YES;
				CLANG_WARN_BOOL_CONVERSION = YES;
				CLANG_WARN_COMMA = YES;
				CLANG_WARN_CONSTANT_CONVERSION = YES;
				CLANG_WARN_DEPRECATED_OBJC_IMPLEMENTATIONS = YES;
				CLANG_WARN_DIRECT_OBJC_ISA_USAGE = YES_ERROR;
				CLANG_WARN_DOCUMENTATION_COMMENTS = YES;
				CLANG_WARN_EMPTY_BODY = YES;
				CLANG_WARN_ENUM_CONVERSION = YES;
				CLANG_WARN_INFINITE_RECURSION = YES;
				CLANG_WARN_INT_CONVERSION = YES;
				CLANG_WARN_NON_LITERAL_NULL_CONVERSION = YES;
				CLANG_WARN_OBJC_IMPLICIT_RETAIN_SELF = YES;
				CLANG_WARN_OBJC_LITERAL_CONVERSION = YES;
				CLANG_WARN_OBJC_ROOT_CLASS = YES_ERROR;
				CLANG_WARN_RANGE_LOOP_ANALYSIS = YES;
				CLANG_WARN_STRICT_PROTOTYPES = YES;
				CLANG_WARN_SUSPICIOUS_MOVE = YES;
				CLANG_WARN_UNGUARDED_AVAILABILITY = YES_AGGRESSIVE;
				CLANG_WARN_UNREACHABLE_CODE = YES;
				CLANG_WARN__DUPLICATE_METHOD_MATCH = YES;
				CODE_SIGN_IDENTITY = "iPhone Developer";
				COPY_PHASE_STRIP = NO;
				DEBUG_INFORMATION_FORMAT = "dwarf-with-dsym";
				ENABLE_NS_ASSERTIONS = NO;
				ENABLE_STRICT_OBJC_MSGSEND = YES;
				GCC_C_LANGUAGE_STANDARD = gnu11;
				GCC_NO_COMMON_BLOCKS = YES;
				GCC_WARN_64_TO_32_BIT_CONVERSION = YES;
				GCC_WARN_ABOUT_RETURN_TYPE = YES_ERROR;
				GCC_WARN_UNDECLARED_SELECTOR = YES;
				GCC_WARN_UNINITIALIZED_AUTOS = YES_AGGRESSIVE;
				GCC_WARN_UNUSED_FUNCTION = YES;
				GCC_WARN_UNUSED_VARIABLE = YES;
				IPHONEOS_DEPLOYMENT_TARGET = 11.4;
				MTL_ENABLE_DEBUG_INFO = NO;
				SDKROOT = iphoneos;
				SWIFT_COMPILATION_MODE = wholemodule;
				SWIFT_OPTIMIZATION_LEVEL = "-O";
				VALIDATE_PRODUCT = YES;
			};
			name = Release;
		};
		9A745D142116FD5700ACC92E /* Debug */ = {
			isa = XCBuildConfiguration;
			baseConfigurationReference = 31F82229A3792650F4AA5CC9 /* Pods-iosChallenge.debug.xcconfig */;
			buildSettings = {
				ASSETCATALOG_COMPILER_APPICON_NAME = AppIcon;
				CODE_SIGN_STYLE = Automatic;
				INFOPLIST_FILE = iosChallenge/Info.plist;
				LD_RUNPATH_SEARCH_PATHS = (
					"$(inherited)",
					"@executable_path/Frameworks",
				);
				PRODUCT_BUNDLE_IDENTIFIER = com.programacao.thiagogarcia.iosChallenge;
				PRODUCT_NAME = "$(TARGET_NAME)";
				SWIFT_VERSION = 4.0;
				TARGETED_DEVICE_FAMILY = "1,2";
			};
			name = Debug;
		};
		9A745D152116FD5700ACC92E /* Release */ = {
			isa = XCBuildConfiguration;
			baseConfigurationReference = 35F039982036DF9DCE85E5EF /* Pods-iosChallenge.release.xcconfig */;
			buildSettings = {
				ASSETCATALOG_COMPILER_APPICON_NAME = AppIcon;
				CODE_SIGN_STYLE = Automatic;
				INFOPLIST_FILE = iosChallenge/Info.plist;
				LD_RUNPATH_SEARCH_PATHS = (
					"$(inherited)",
					"@executable_path/Frameworks",
				);
				PRODUCT_BUNDLE_IDENTIFIER = com.programacao.thiagogarcia.iosChallenge;
				PRODUCT_NAME = "$(TARGET_NAME)";
				SWIFT_VERSION = 4.0;
				TARGETED_DEVICE_FAMILY = "1,2";
			};
			name = Release;
		};
/* End XCBuildConfiguration section */

/* Begin XCConfigurationList section */
		9A745CFC2116FD5500ACC92E /* Build configuration list for PBXProject "iosChallenge" */ = {
			isa = XCConfigurationList;
			buildConfigurations = (
				9A745D112116FD5700ACC92E /* Debug */,
				9A745D122116FD5700ACC92E /* Release */,
			);
			defaultConfigurationIsVisible = 0;
			defaultConfigurationName = Release;
		};
		9A745D132116FD5700ACC92E /* Build configuration list for PBXNativeTarget "iosChallenge" */ = {
			isa = XCConfigurationList;
			buildConfigurations = (
				9A745D142116FD5700ACC92E /* Debug */,
				9A745D152116FD5700ACC92E /* Release */,
			);
			defaultConfigurationIsVisible = 0;
			defaultConfigurationName = Release;
		};
/* End XCConfigurationList section */
	};
	rootObject = 9A745CF92116FD5500ACC92E /* Project object */;
}
